{
  "nodes": {
    "cdo": {
      "inputs": {
        "crane": "crane",
        "flake-utils": [
          "flake-utils"
        ],
        "nixpkgs": [
          "nixpkgs"
        ]
      },
      "locked": {
        "lastModified": 1713011264,
        "narHash": "sha256-BNyTAsQx7q5TjRGy4eqFFae09Tce2LUceX5YpcU4kwE=",
        "owner": "dotboris",
        "repo": "cdo",
        "rev": "377d78a3e6225cdd16d95e39f2aee99c6cf096ac",
        "type": "github"
      },
      "original": {
        "owner": "dotboris",
        "repo": "cdo",
        "type": "github"
      }
    },
    "crane": {
      "inputs": {
        "nixpkgs": [
          "cdo",
          "nixpkgs"
        ]
      },
      "locked": {
        "lastModified": 1712681629,
        "narHash": "sha256-bMDXn4AkTXLCpoZbII6pDGoSeSe9gI87jxPsHRXgu/E=",
        "owner": "ipetkov",
        "repo": "crane",
        "rev": "220387ac8e99cbee0ca4c95b621c4bc782b6a235",
        "type": "github"
      },
      "original": {
        "owner": "ipetkov",
        "repo": "crane",
        "type": "github"
      }
    },
    "flake-utils": {
      "inputs": {
        "systems": "systems"
      },
      "locked": {
        "lastModified": 1710146030,
        "narHash": "sha256-SZ5L6eA7HJ/nmkzGG7/ISclqe6oZdOZTNoesiInkXPQ=",
        "owner": "numtide",
        "repo": "flake-utils",
        "rev": "b1d9ab70662946ef0850d488da1c9019f3a9752a",
        "type": "github"
      },
      "original": {
        "owner": "numtide",
        "repo": "flake-utils",
        "type": "github"
      }
    },
    "home-manager": {
      "inputs": {
        "nixpkgs": [
          "nixpkgs"
        ]
      },
      "locked": {
        "lastModified": 1713077896,
        "narHash": "sha256-Noot8H0EZEAFRQWyGxh9ryvhK96xpIqKbh78X447JWs=",
        "owner": "nix-community",
        "repo": "home-manager",
        "rev": "630a0992b3627c64e34f179fab68e3d48c6991c0",
        "type": "github"
      },
      "original": {
        "owner": "nix-community",
        "repo": "home-manager",
        "type": "github"
      }
    },
    "nixpkgs": {
      "locked": {
        "lastModified": 1712883908,
        "narHash": "sha256-icE1IJE9fHcbDfJ0+qWoDdcBXUoZCcIJxME4lMHwvSM=",
        "owner": "NixOS",
        "repo": "nixpkgs",
        "rev": "a0c9e3aee1000ac2bfb0e5b98c94c946a5d180a9",
        "type": "github"
      },
      "original": {
        "owner": "NixOS",
        "ref": "nixpkgs-unstable",
        "repo": "nixpkgs",
        "type": "github"
      }
    },
    "root": {
      "inputs": {
        "cdo": "cdo",
        "flake-utils": "flake-utils",
        "home-manager": "home-manager",
        "nixpkgs": "nixpkgs"
      }
    },
    "systems": {
      "locked": {
        "lastModified": 1681028828,
        "narHash": "sha256-Vy1rq5AaRuLzOxct8nz4T6wlgyUR7zLU309k9mBC768=",
        "owner": "nix-systems",
        "repo": "default",
        "rev": "da67096a3b9bf56a91d16901293e51ba5b49a27e",
        "type": "github"
      },
      "original": {
        "owner": "nix-systems",
        "repo": "default",
        "type": "github"
      }
    }
  },
  "root": "root",
  "version": 7
}
